
Microsoft Visual Studio Solution File, Format Version 12.00
# Visual Studio 15
VisualStudioVersion = 15.0.26124.0
MinimumVisualStudioVersion = 15.0.26124.0

Project("{FAE04EC0-301F-11D3-BF4B-00C04F79EFBC}") = "Zynga.Protobuf.Runtime", "Zynga.Protobuf.Runtime\Zynga.Protobuf.Runtime.csproj", "{031732C3-05C2-4BE1-AC33-AEA854F7E34D}"
EndProject
Project("{FAE04EC0-301F-11D3-BF4B-00C04F79EFBC}") = "Zynga.Protobuf.Runtime.Tests", "Zynga.Protobuf.Runtime.Tests\Zynga.Protobuf.Runtime.Tests.csproj", "{6CC03752-1E71-4FA8-8906-0498412CE70B}"
EndProject
Global
	GlobalSection(SolutionConfigurationPlatforms) = preSolution
		
		Debug|Any CPU = Debug|Any CPU
		Release|Any CPU = Release|Any CPU
	EndGlobalSection
	GlobalSection(SolutionProperties) = preSolution
		HideSolutionNode = FALSE
	EndGlobalSection
	GlobalSection(ProjectConfigurationPlatforms) = postSolution
		{031732C3-05C2-4BE1-AC33-AEA854F7E34D}.Debug|Any CPU.ActiveCfg = Debug|Any CPU
		{031732C3-05C2-4BE1-AC33-AEA854F7E34D}.Debug|Any CPU.Build.0 = Debug|Any CPU
		{031732C3-05C2-4BE1-AC33-AEA854F7E34D}.Release|Any CPU.ActiveCfg = Release|Any CPU
		{031732C3-05C2-4BE1-AC33-AEA854F7E34D}.Release|Any CPU.Build.0 = Release|Any CPU
		{6CC03752-1E71-4FA8-8906-0498412CE70B}.Debug|Any CPU.ActiveCfg = Debug|Any CPU
		{6CC03752-1E71-4FA8-8906-0498412CE70B}.Debug|Any CPU.Build.0 = Debug|Any CPU
		{6CC03752-1E71-4FA8-8906-0498412CE70B}.Release|Any CPU.ActiveCfg = Release|Any CPU
		{6CC03752-1E71-4FA8-8906-0498412CE70B}.Release|Any CPU.Build.0 = Release|Any CPU
	EndGlobalSection
EndGlobal
